
Microsoft Visual Studio Solution File, Format Version 12.00
# Visual Studio Version 17
VisualStudioVersion = 17.6.33829.357
MinimumVisualStudioVersion = 10.0.40219.1
Project("{FAE04EC0-301F-11D3-BF4B-00C04F79EFBC}") = "BattleBoats", "BattleBoats\BattleBoats.csproj", "{EACBB6CE-3C73-478F-B663-40420A973515}"
EndProject
Global
	GlobalSection(SolutionConfigurationPlatforms) = preSolution
		Debug|Any CPU = Debug|Any CPU
		Release|Any CPU = Release|Any CPU
	EndGlobalSection
	GlobalSection(ProjectConfigurationPlatforms) = postSolution
		{EACBB6CE-3C73-478F-B663-40420A973515}.Debug|Any CPU.ActiveCfg = Debug|Any CPU
		{EACBB6CE-3C73-478F-B663-40420A973515}.Debug|Any CPU.Build.0 = Debug|Any CPU
		{EACBB6CE-3C73-478F-B663-40420A973515}.Release|Any CPU.ActiveCfg = Release|Any CPU
		{EACBB6CE-3C73-478F-B663-40420A973515}.Release|Any CPU.Build.0 = Release|Any CPU
	EndGlobalSection
	GlobalSection(SolutionProperties) = preSolution
		HideSolutionNode = FALSE
	EndGlobalSection
	GlobalSection(ExtensibilityGlobals) = postSolution
		SolutionGuid = {251D6A7A-8A43-48FC-8874-FF20039F2BB6}
	EndGlobalSection
EndGlobal
